
Microsoft Visual Studio Solution File, Format Version 12.00
# Visual Studio Version 16
VisualStudioVersion = 16.0.31729.503
MinimumVisualStudioVersion = 10.0.40219.1
Project("{FAE04EC0-301F-11D3-BF4B-00C04F79EFBC}") = "AmariEsercizio3", "AmariEsercizio3\AmariEsercizio3.csproj", "{5901CA82-2AB2-4A5F-B859-03AD5D0A2614}"
EndProject
Global
	GlobalSection(SolutionConfigurationPlatforms) = preSolution
		Debug|Any CPU = Debug|Any CPU
		Release|Any CPU = Release|Any CPU
	EndGlobalSection
	GlobalSection(ProjectConfigurationPlatforms) = postSolution
		{5901CA82-2AB2-4A5F-B859-03AD5D0A2614}.Debug|Any CPU.ActiveCfg = Debug|Any CPU
		{5901CA82-2AB2-4A5F-B859-03AD5D0A2614}.Debug|Any CPU.Build.0 = Debug|Any CPU
		{5901CA82-2AB2-4A5F-B859-03AD5D0A2614}.Release|Any CPU.ActiveCfg = Release|Any CPU
		{5901CA82-2AB2-4A5F-B859-03AD5D0A2614}.Release|Any CPU.Build.0 = Release|Any CPU
	EndGlobalSection
	GlobalSection(SolutionProperties) = preSolution
		HideSolutionNode = FALSE
	EndGlobalSection
	GlobalSection(ExtensibilityGlobals) = postSolution
		SolutionGuid = {0A7F6046-BD59-47FE-B4B3-53F0D4252812}
	EndGlobalSection
EndGlobal
